// !$*UTF8*$!
{
	archiveVersion = 1;
	classes = {
	};
	objectVersion = 50;
	objects = {

/* Begin PBXBuildFile section */
		1348EA9327170F8800195653 /* AppDelegate.swift in Sources */ = {isa = PBXBuildFile; fileRef = 1348EA9227170F8800195653 /* AppDelegate.swift */; };
		1348EA9527170F8800195653 /* SceneDelegate.swift in Sources */ = {isa = PBXBuildFile; fileRef = 1348EA9427170F8800195653 /* SceneDelegate.swift */; };
		1348EA9727170F8800195653 /* ViewController.swift in Sources */ = {isa = PBXBuildFile; fileRef = 1348EA9627170F8800195653 /* ViewController.swift */; };
		1348EA9A27170F8800195653 /* Main.storyboard in Resources */ = {isa = PBXBuildFile; fileRef = 1348EA9827170F8800195653 /* Main.storyboard */; };
		1348EA9C27170F8D00195653 /* Assets.xcassets in Resources */ = {isa = PBXBuildFile; fileRef = 1348EA9B27170F8D00195653 /* Assets.xcassets */; };
		1348EA9F27170F8D00195653 /* LaunchScreen.storyboard in Resources */ = {isa = PBXBuildFile; fileRef = 1348EA9D27170F8D00195653 /* LaunchScreen.storyboard */; };
		1348EAAF271715A600195653 /* ViewController+alertController.swift in Sources */ = {isa = PBXBuildFile; fileRef = 1348EAAE271715A600195653 /* ViewController+alertController.swift */; };
		1348EAB1271755FC00195653 /* NetworkWeatherManager.swift in Sources */ = {isa = PBXBuildFile; fileRef = 1348EAB0271755FC00195653 /* NetworkWeatherManager.swift */; };
		1348EAB32717569300195653 /* Constans.swift in Sources */ = {isa = PBXBuildFile; fileRef = 1348EAB22717569300195653 /* Constans.swift */; };
/* End PBXBuildFile section */

/* Begin PBXFileReference section */
		1348EA8F27170F8800195653 /* myWeatherApp.app */ = {isa = PBXFileReference; explicitFileType = wrapper.application; includeInIndex = 0; path = myWeatherApp.app; sourceTree = BUILT_PRODUCTS_DIR; };
		1348EA9227170F8800195653 /* AppDelegate.swift */ = {isa = PBXFileReference; lastKnownFileType = sourcecode.swift; path = AppDelegate.swift; sourceTree = "<group>"; };
		1348EA9427170F8800195653 /* SceneDelegate.swift */ = {isa = PBXFileReference; lastKnownFileType = sourcecode.swift; path = SceneDelegate.swift; sourceTree = "<group>"; };
		1348EA9627170F8800195653 /* ViewController.swift */ = {isa = PBXFileReference; lastKnownFileType = sourcecode.swift; path = ViewController.swift; sourceTree = "<group>"; };
		1348EA9927170F8800195653 /* Base */ = {isa = PBXFileReference; lastKnownFileType = file.storyboard; name = Base; path = Base.lproj/Main.storyboard; sourceTree = "<group>"; };
		1348EA9B27170F8D00195653 /* Assets.xcassets */ = {isa = PBXFileReference; lastKnownFileType = folder.assetcatalog; path = Assets.xcassets; sourceTree = "<group>"; };
		1348EA9E27170F8D00195653 /* Base */ = {isa = PBXFileReference; lastKnownFileType = file.storyboard; name = Base; path = Base.lproj/LaunchScreen.storyboard; sourceTree = "<group>"; };
		1348EAA027170F8D00195653 /* Info.plist */ = {isa = PBXFileReference; lastKnownFileType = text.plist.xml; path = Info.plist; sourceTree = "<group>"; };
		1348EAAE271715A600195653 /* ViewController+alertController.swift */ = {isa = PBXFileReference; lastKnownFileType = sourcecode.swift; path = "ViewController+alertController.swift"; sourceTree = "<group>"; };
		1348EAB0271755FC00195653 /* NetworkWeatherManager.swift */ = {isa = PBXFileReference; lastKnownFileType = sourcecode.swift; path = NetworkWeatherManager.swift; sourceTree = "<group>"; };
		1348EAB22717569300195653 /* Constans.swift */ = {isa = PBXFileReference; lastKnownFileType = sourcecode.swift; path = Constans.swift; sourceTree = "<group>"; };
/* End PBXFileReference section */

/* Begin PBXFrameworksBuildPhase section */
		1348EA8C27170F8800195653 /* Frameworks */ = {
			isa = PBXFrameworksBuildPhase;
			buildActionMask = 2147483647;
			files = (
			);
			runOnlyForDeploymentPostprocessing = 0;
		};
/* End PBXFrameworksBuildPhase section */

/* Begin PBXGroup section */
		1348EA8627170F8800195653 = {
			isa = PBXGroup;
			children = (
				1348EA9127170F8800195653 /* myWeatherApp */,
				1348EA9027170F8800195653 /* Products */,
			);
			sourceTree = "<group>";
		};
		1348EA9027170F8800195653 /* Products */ = {
			isa = PBXGroup;
			children = (
				1348EA8F27170F8800195653 /* myWeatherApp.app */,
			);
			name = Products;
			sourceTree = "<group>";
		};
		1348EA9127170F8800195653 /* myWeatherApp */ = {
			isa = PBXGroup;
			children = (
				1348EAA92717112900195653 /* Extensions */,
				1348EAA72717110A00195653 /* Models */,
				1348EAA82717111600195653 /* Supporting files */,
				1348EAAC2717116300195653 /* View Controllers */,
				1348EAAA2717113600195653 /* Views */,
			);
			path = myWeatherApp;
			sourceTree = "<group>";
		};
		1348EAA72717110A00195653 /* Models */ = {
			isa = PBXGroup;
			children = (
				1348EAB0271755FC00195653 /* NetworkWeatherManager.swift */,
			);
			path = Models;
			sourceTree = "<group>";
		};
		1348EAA82717111600195653 /* Supporting files */ = {
			isa = PBXGroup;
			children = (
				1348EA9227170F8800195653 /* AppDelegate.swift */,
				1348EA9427170F8800195653 /* SceneDelegate.swift */,
				1348EA9B27170F8D00195653 /* Assets.xcassets */,
				1348EAA027170F8D00195653 /* Info.plist */,
				1348EAB22717569300195653 /* Constans.swift */,
			);
			path = "Supporting files";
			sourceTree = "<group>";
		};
		1348EAA92717112900195653 /* Extensions */ = {
			isa = PBXGroup;
			children = (
				1348EAAE271715A600195653 /* ViewController+alertController.swift */,
			);
			path = Extensions;
			sourceTree = "<group>";
		};
		1348EAAA2717113600195653 /* Views */ = {
			isa = PBXGroup;
			children = (
				1348EA9D27170F8D00195653 /* LaunchScreen.storyboard */,
				1348EA9827170F8800195653 /* Main.storyboard */,
			);
			path = Views;
			sourceTree = "<group>";
		};
		1348EAAC2717116300195653 /* View Controllers */ = {
			isa = PBXGroup;
			children = (
				1348EA9627170F8800195653 /* ViewController.swift */,
			);
			path = "View Controllers";
			sourceTree = "<group>";
		};
/* End PBXGroup section */

/* Begin PBXNativeTarget section */
		1348EA8E27170F8800195653 /* myWeatherApp */ = {
			isa = PBXNativeTarget;
			buildConfigurationList = 1348EAA327170F8D00195653 /* Build configuration list for PBXNativeTarget "myWeatherApp" */;
			buildPhases = (
				1348EA8B27170F8800195653 /* Sources */,
				1348EA8C27170F8800195653 /* Frameworks */,
				1348EA8D27170F8800195653 /* Resources */,
			);
			buildRules = (
			);
			dependencies = (
			);
			name = myWeatherApp;
			productName = myWeatherApp;
			productReference = 1348EA8F27170F8800195653 /* myWeatherApp.app */;
			productType = "com.apple.product-type.application";
		};
/* End PBXNativeTarget section */

/* Begin PBXProject section */
		1348EA8727170F8800195653 /* Project object */ = {
			isa = PBXProject;
			attributes = {
				LastSwiftUpdateCheck = 1250;
				LastUpgradeCheck = 1250;
				TargetAttributes = {
					1348EA8E27170F8800195653 = {
						CreatedOnToolsVersion = 12.5.1;
					};
				};
			};
			buildConfigurationList = 1348EA8A27170F8800195653 /* Build configuration list for PBXProject "myWeatherApp" */;
			compatibilityVersion = "Xcode 9.3";
			developmentRegion = en;
			hasScannedForEncodings = 0;
			knownRegions = (
				en,
				Base,
			);
			mainGroup = 1348EA8627170F8800195653;
			productRefGroup = 1348EA9027170F8800195653 /* Products */;
			projectDirPath = "";
			projectRoot = "";
			targets = (
				1348EA8E27170F8800195653 /* myWeatherApp */,
			);
		};
/* End PBXProject section */

/* Begin PBXResourcesBuildPhase section */
		1348EA8D27170F8800195653 /* Resources */ = {
			isa = PBXResourcesBuildPhase;
			buildActionMask = 2147483647;
			files = (
				1348EA9F27170F8D00195653 /* LaunchScreen.storyboard in Resources */,
				1348EA9C27170F8D00195653 /* Assets.xcassets in Resources */,
				1348EA9A27170F8800195653 /* Main.storyboard in Resources */,
			);
			runOnlyForDeploymentPostprocessing = 0;
		};
/* End PBXResourcesBuildPhase section */

/* Begin PBXSourcesBuildPhase section */
		1348EA8B27170F8800195653 /* Sources */ = {
			isa = PBXSourcesBuildPhase;
			buildActionMask = 2147483647;
			files = (
				1348EA9727170F8800195653 /* ViewController.swift in Sources */,
				1348EAAF271715A600195653 /* ViewController+alertController.swift in Sources */,
				1348EAB32717569300195653 /* Constans.swift in Sources */,
				1348EAB1271755FC00195653 /* NetworkWeatherManager.swift in Sources */,
				1348EA9327170F8800195653 /* AppDelegate.swift in Sources */,
				1348EA9527170F8800195653 /* SceneDelegate.swift in Sources */,
			);
			runOnlyForDeploymentPostprocessing = 0;
		};
/* End PBXSourcesBuildPhase section */

/* Begin PBXVariantGroup section */
		1348EA9827170F8800195653 /* Main.storyboard */ = {
			isa = PBXVariantGroup;
			children = (
				1348EA9927170F8800195653 /* Base */,
			);
			name = Main.storyboard;
			sourceTree = "<group>";
		};
		1348EA9D27170F8D00195653 /* LaunchScreen.storyboard */ = {
			isa = PBXVariantGroup;
			children = (
				1348EA9E27170F8D00195653 /* Base */,
			);
			name = LaunchScreen.storyboard;
			sourceTree = "<group>";
		};
/* End PBXVariantGroup section */

/* Begin XCBuildConfiguration section */
		1348EAA127170F8D00195653 /* Debug */ = {
			isa = XCBuildConfiguration;
			buildSettings = {
				ALWAYS_SEARCH_USER_PATHS = NO;
				CLANG_ANALYZER_NONNULL = YES;
				CLANG_ANALYZER_NUMBER_OBJECT_CONVERSION = YES_AGGRESSIVE;
				CLANG_CXX_LANGUAGE_STANDARD = "gnu++14";
				CLANG_CXX_LIBRARY = "libc++";
				CLANG_ENABLE_MODULES = YES;
				CLANG_ENABLE_OBJC_ARC = YES;
				CLANG_ENABLE_OBJC_WEAK = YES;
				CLANG_WARN_BLOCK_CAPTURE_AUTORELEASING = YES;
				CLANG_WARN_BOOL_CONVERSION = YES;
				CLANG_WARN_COMMA = YES;
				CLANG_WARN_CONSTANT_CONVERSION = YES;
				CLANG_WARN_DEPRECATED_OBJC_IMPLEMENTATIONS = YES;
				CLANG_WARN_DIRECT_OBJC_ISA_USAGE = YES_ERROR;
				CLANG_WARN_DOCUMENTATION_COMMENTS = YES;
				CLANG_WARN_EMPTY_BODY = YES;
				CLANG_WARN_ENUM_CONVERSION = YES;
				CLANG_WARN_INFINITE_RECURSION = YES;
				CLANG_WARN_INT_CONVERSION = YES;
				CLANG_WARN_NON_LITERAL_NULL_CONVERSION = YES;
				CLANG_WARN_OBJC_IMPLICIT_RETAIN_SELF = YES;
				CLANG_WARN_OBJC_LITERAL_CONVERSION = YES;
				CLANG_WARN_OBJC_ROOT_CLASS = YES_ERROR;
				CLANG_WARN_QUOTED_INCLUDE_IN_FRAMEWORK_HEADER = YES;
				CLANG_WARN_RANGE_LOOP_ANALYSIS = YES;
				CLANG_WARN_STRICT_PROTOTYPES = YES;
				CLANG_WARN_SUSPICIOUS_MOVE = YES;
				CLANG_WARN_UNGUARDED_AVAILABILITY = YES_AGGRESSIVE;
				CLANG_WARN_UNREACHABLE_CODE = YES;
				CLANG_WARN__DUPLICATE_METHOD_MATCH = YES;
				COPY_PHASE_STRIP = NO;
				DEBUG_INFORMATION_FORMAT = dwarf;
				ENABLE_STRICT_OBJC_MSGSEND = YES;
				ENABLE_TESTABILITY = YES;
				GCC_C_LANGUAGE_STANDARD = gnu11;
				GCC_DYNAMIC_NO_PIC = NO;
				GCC_NO_COMMON_BLOCKS = YES;
				GCC_OPTIMIZATION_LEVEL = 0;
				GCC_PREPROCESSOR_DEFINITIONS = (
					"DEBUG=1",
					"$(inherited)",
				);
				GCC_WARN_64_TO_32_BIT_CONVERSION = YES;
				GCC_WARN_ABOUT_RETURN_TYPE = YES_ERROR;
				GCC_WARN_UNDECLARED_SELECTOR = YES;
				GCC_WARN_UNINITIALIZED_AUTOS = YES_AGGRESSIVE;
				GCC_WARN_UNUSED_FUNCTION = YES;
				GCC_WARN_UNUSED_VARIABLE = YES;
				IPHONEOS_DEPLOYMENT_TARGET = 14.5;
				MTL_ENABLE_DEBUG_INFO = INCLUDE_SOURCE;
				MTL_FAST_MATH = YES;
				ONLY_ACTIVE_ARCH = YES;
				SDKROOT = iphoneos;
				SWIFT_ACTIVE_COMPILATION_CONDITIONS = DEBUG;
				SWIFT_OPTIMIZATION_LEVEL = "-Onone";
			};
			name = Debug;
		};
		1348EAA227170F8D00195653 /* Release */ = {
			isa = XCBuildConfiguration;
			buildSettings = {
				ALWAYS_SEARCH_USER_PATHS = NO;
				CLANG_ANALYZER_NONNULL = YES;
				CLANG_ANALYZER_NUMBER_OBJECT_CONVERSION = YES_AGGRESSIVE;
				CLANG_CXX_LANGUAGE_STANDARD = "gnu++14";
				CLANG_CXX_LIBRARY = "libc++";
				CLANG_ENABLE_MODULES = YES;
				CLANG_ENABLE_OBJC_ARC = YES;
				CLANG_ENABLE_OBJC_WEAK = YES;
				CLANG_WARN_BLOCK_CAPTURE_AUTORELEASING = YES;
				CLANG_WARN_BOOL_CONVERSION = YES;
				CLANG_WARN_COMMA = YES;
				CLANG_WARN_CONSTANT_CONVERSION = YES;
				CLANG_WARN_DEPRECATED_OBJC_IMPLEMENTATIONS = YES;
				CLANG_WARN_DIRECT_OBJC_ISA_USAGE = YES_ERROR;
				CLANG_WARN_DOCUMENTATION_COMMENTS = YES;
				CLANG_WARN_EMPTY_BODY = YES;
				CLANG_WARN_ENUM_CONVERSION = YES;
				CLANG_WARN_INFINITE_RECURSION = YES;
				CLANG_WARN_INT_CONVERSION = YES;
				CLANG_WARN_NON_LITERAL_NULL_CONVERSION = YES;
				CLANG_WARN_OBJC_IMPLICIT_RETAIN_SELF = YES;
				CLANG_WARN_OBJC_LITERAL_CONVERSION = YES;
				CLANG_WARN_OBJC_ROOT_CLASS = YES_ERROR;
				CLANG_WARN_QUOTED_INCLUDE_IN_FRAMEWORK_HEADER = YES;
				CLANG_WARN_RANGE_LOOP_ANALYSIS = YES;
				CLANG_WARN_STRICT_PROTOTYPES = YES;
				CLANG_WARN_SUSPICIOUS_MOVE = YES;
				CLANG_WARN_UNGUARDED_AVAILABILITY = YES_AGGRESSIVE;
				CLANG_WARN_UNREACHABLE_CODE = YES;
				CLANG_WARN__DUPLICATE_METHOD_MATCH = YES;
				COPY_PHASE_STRIP = NO;
				DEBUG_INFORMATION_FORMAT = "dwarf-with-dsym";
				ENABLE_NS_ASSERTIONS = NO;
				ENABLE_STRICT_OBJC_MSGSEND = YES;
				GCC_C_LANGUAGE_STANDARD = gnu11;
				GCC_NO_COMMON_BLOCKS = YES;
				GCC_WARN_64_TO_32_BIT_CONVERSION = YES;
				GCC_WARN_ABOUT_RETURN_TYPE = YES_ERROR;
				GCC_WARN_UNDECLARED_SELECTOR = YES;
				GCC_WARN_UNINITIALIZED_AUTOS = YES_AGGRESSIVE;
				GCC_WARN_UNUSED_FUNCTION = YES;
				GCC_WARN_UNUSED_VARIABLE = YES;
				IPHONEOS_DEPLOYMENT_TARGET = 14.5;
				MTL_ENABLE_DEBUG_INFO = NO;
				MTL_FAST_MATH = YES;
				SDKROOT = iphoneos;
				SWIFT_COMPILATION_MODE = wholemodule;
				SWIFT_OPTIMIZATION_LEVEL = "-O";
				VALIDATE_PRODUCT = YES;
			};
			name = Release;
		};
		1348EAA427170F8D00195653 /* Debug */ = {
			isa = XCBuildConfiguration;
			buildSettings = {
				ASSETCATALOG_COMPILER_APPICON_NAME = AppIcon;
				ASSETCATALOG_COMPILER_GLOBAL_ACCENT_COLOR_NAME = AccentColor;
				CODE_SIGN_STYLE = Automatic;
				DEVELOPMENT_TEAM = 4KZ75XVSA2;
				INFOPLIST_FILE = myWeatherApp/Info.plist;
				LD_RUNPATH_SEARCH_PATHS = (
					"$(inherited)",
					"@executable_path/Frameworks",
				);
				PRODUCT_BUNDLE_IDENTIFIER = twenytoo.myWeatherApp;
				PRODUCT_NAME = "$(TARGET_NAME)";
				SWIFT_VERSION = 5.0;
				TARGETED_DEVICE_FAMILY = "1,2";
			};
			name = Debug;
		};
		1348EAA527170F8D00195653 /* Release */ = {
			isa = XCBuildConfiguration;
			buildSettings = {
				ASSETCATALOG_COMPILER_APPICON_NAME = AppIcon;
				ASSETCATALOG_COMPILER_GLOBAL_ACCENT_COLOR_NAME = AccentColor;
				CODE_SIGN_STYLE = Automatic;
				DEVELOPMENT_TEAM = 4KZ75XVSA2;
				INFOPLIST_FILE = myWeatherApp/Info.plist;
				LD_RUNPATH_SEARCH_PATHS = (
					"$(inherited)",
					"@executable_path/Frameworks",
				);
				PRODUCT_BUNDLE_IDENTIFIER = twenytoo.myWeatherApp;
				PRODUCT_NAME = "$(TARGET_NAME)";
				SWIFT_VERSION = 5.0;
				TARGETED_DEVICE_FAMILY = "1,2";
			};
			name = Release;
		};
/* End XCBuildConfiguration section */

/* Begin XCConfigurationList section */
		1348EA8A27170F8800195653 /* Build configuration list for PBXProject "myWeatherApp" */ = {
			isa = XCConfigurationList;
			buildConfigurations = (
				1348EAA127170F8D00195653 /* Debug */,
				1348EAA227170F8D00195653 /* Release */,
			);
			defaultConfigurationIsVisible = 0;
			defaultConfigurationName = Release;
		};
		1348EAA327170F8D00195653 /* Build configuration list for PBXNativeTarget "myWeatherApp" */ = {
			isa = XCConfigurationList;
			buildConfigurations = (
				1348EAA427170F8D00195653 /* Debug */,
				1348EAA527170F8D00195653 /* Release */,
			);
			defaultConfigurationIsVisible = 0;
			defaultConfigurationName = Release;
		};
/* End XCConfigurationList section */
	};
	rootObject = 1348EA8727170F8800195653 /* Project object */;
}
